{"1.2.0",
[{<<"base16">>,
  {git,"https://github.com/goj/base16.git",
       {ref,"ec420aa4ce0fb971f155274c606e00188a2ed37d"}},
  1},
 {<<"base64url">>,{pkg,<<"base64url">>,<<"0.0.1">>},1},
 {<<"bbmustache">>,{pkg,<<"bbmustache">>,<<"1.6.1">>},1},
 {<<"cowlib">>,{pkg,<<"cowlib">>,<<"2.6.0">>},2},
 {<<"escalus">>,
  {git,"https://github.com/esl/escalus.git",
       {ref,"58b2487abc08c33e5828aa856c133ff446da5d62"}},
  0},
 {<<"exml">>,
  {git,"https://github.com/esl/exml.git",
       {ref,"a307e83669ad0a8d96ea3f2be9da36417efb94fc"}},
  1},
 {<<"fusco">>,
  {git,"https://github.com/esl/fusco.git",
       {ref,"0a428471aefb3a38207c2141249181e6c018e565"}},
  1},
 {<<"goldrush">>,{pkg,<<"goldrush">>,<<"0.1.9">>},1},
 {<<"gproc">>,{pkg,<<"gproc">>,<<"0.9.0">>},0},
 {<<"gun">>,{pkg,<<"gun">>,<<"1.3.0">>},1},
 {<<"hairnet">>,{pkg,<<"hairnet">>,<<"1.0.0">>},0},
 {<<"jsx">>,{pkg,<<"jsx">>,<<"3.1.0">>},0},
 {<<"lager">>,{pkg,<<"lager">>,<<"3.9.2">>},0},
 {<<"meck">>,{pkg,<<"meck">>,<<"0.8.12">>},1},
 {<<"mustache">>,
  {git,"https://github.com/mojombo/mustache.erl.git",
       {ref,"d0246fe143058b6404f66cf99fece3ff6e87b7ed"}},
  1},
 {<<"observer_cli">>,{pkg,<<"observer_cli">>,<<"1.7.1">>},0},
 {<<"quickrand">>,{pkg,<<"quickrand">>,<<"1.7.5">>},2},
 {<<"recon">>,{pkg,<<"recon">>,<<"2.5.2">>},1},
 {<<"uuid">>,{pkg,<<"uuid_erl">>,<<"1.7.5">>},1},
 {<<"worker_pool">>,{pkg,<<"worker_pool">>,<<"3.2.0">>},1}]}.
[
{pkg_hash,[
 {<<"base64url">>, <<"36A90125F5948E3AFD7BE97662A1504B934DD5DAC78451CA6E9ABF85A10286BE">>},
 {<<"bbmustache">>, <<"9FB63FA60BD53AFBF47F02E6D8BD6B2BEAFC068E02E20975254DC7461FD4F397">>},
 {<<"cowlib">>, <<"8AA629F81A0FC189F261DC98A42243FA842625FEEA3C7EC56C48F4CCDB55490F">>},
 {<<"goldrush">>, <<"F06E5D5F1277DA5C413E84D5A2924174182FB108DABB39D5EC548B27424CD106">>},
 {<<"gproc">>, <<"853CCB7805E9ADA25D227A157BA966F7B34508F386A3E7E21992B1B484230699">>},
 {<<"gun">>, <<"18E5D269649C987AF95AEC309F68A27FFC3930531DD227A6EAA0884D6684286E">>},
 {<<"hairnet">>, <<"8492F6236055309C69D7E532658B4317C02FF1EE96762FE36108D505B45277DA">>},
 {<<"jsx">>, <<"D12516BAA0BB23A59BB35DCCAF02A1BD08243FCBB9EFE24F2D9D056CCFF71268">>},
 {<<"lager">>, <<"4CAB289120EB24964E3886BD22323CB5FEFE4510C076992A23AD18CF85413D8C">>},
 {<<"meck">>, <<"1F7B1A9F5D12C511848FEC26BBEFD09A21E1432EADB8982D9A8ACEB9891A3CF2">>},
 {<<"observer_cli">>, <<"C9CA1F623A3EF0158283A3C37CD7B7235BFE85927AD6E26396DD247E2057F5A1">>},
 {<<"quickrand">>, <<"E3086A153EB13A057FC19192D05E2D4C6BB2BDBB55746A699BEAE9847AC17CA8">>},
 {<<"recon">>, <<"CBA53FA8DB83AD968C9A652E09C3ED7DDCC4DA434F27C3EAA9CA47FFB2B1FF03">>},
 {<<"uuid">>, <<"3862FF9A21C42566DFD0376B97512FA202922897129E09A05E2AFA0D9CAFD97A">>},
 {<<"worker_pool">>, <<"54DD752BA4CA4B702124C45803AA958B36BCE77D683B87886606F1AADA3E124D">>}]},
{pkg_hash_ext,[
 {<<"base64url">>, <<"FAB09B20E3F5DB886725544CBCF875B8E73EC93363954EB8A1A9ED834AA8C1F9">>},
 {<<"bbmustache">>, <<"238BA8DF312869782ABDE3E9474E94B5704FB6BBB990C03F1AFEFDC8A4AD3A49">>},
 {<<"cowlib">>, <<"45A1A08E05E4C66F2AF665295955E337D52C2D33B1F1CF24D353CADEDDF34992">>},
 {<<"goldrush">>, <<"99CB4128CFFCB3227581E5D4D803D5413FA643F4EB96523F77D9E6937D994CEB">>},
 {<<"gproc">>, <<"587E8AF698CCD3504CF4BA8D90F893EDE2B0F58CABB8A916E2BF9321DE3CF10B">>},
 {<<"gun">>, <<"279D089773BE9886FC2ED0D0C25663CC36B8755356DFD27D63C206AB20B8329A">>},
 {<<"hairnet">>, <<"B3F15CDB7D9E6183A5CDE401DED684C88CC2EA09DCA75FACF82B5281F4596606">>},
 {<<"jsx">>, <<"0C5CC8FDC11B53CC25CF65AC6705AD39E54ECC56D1C22E4ADB8F5A53FB9427F3">>},
 {<<"lager">>, <<"7F904D9E87A8CB7E66156ED31768D1C8E26EBA1D54F4BC85B1AA4AC1F6340C28">>},
 {<<"meck">>, <<"7A6AB35A42E6C846636E8ECD6FDF2CC2E3F09DBEE1ABB15C1A7C705C10775787">>},
 {<<"observer_cli">>, <<"4CCAFAAA2CE01B85DDD14591F4D5F6731B4E13B610A70FB841F0701178478280">>},
 {<<"quickrand">>, <<"6A1DA81FE098C0DFCFB55C5E35C20BE430128E88BBFA03D18FCF9E0EE8E342D7">>},
 {<<"recon">>, <<"2C7523C8DEE91DFF41F6B3D63CBA2BD49EB6D2FE5BF1EEC0DF7F87EB5E230E1C">>},
 {<<"uuid">>, <<"6529F1C5D8C6B796374318FD1966659FAA6EE832C914E93B1DEB1D4701694AA9">>},
 {<<"worker_pool">>, <<"769F448D524D371D57FF2F836EC4FAC0BD55A789010809A5442666FDD8853F8C">>}]}
].
